<Solution>
  <Folder Name="/src/">
    <Project Path="src/Aprendizaje.Dominio/Aprendizaje.Dominio.csproj" />
    <Project Path="src/Aprendizaje.Aplicacion/Aprendizaje.Aplicacion.csproj" />
    <Project Path="src/Aprendizaje.Infraestructura/Aprendizaje.Infraestructura.csproj" />
    <Project Path="src/Aprendizaje.Api/Aprendizaje.Api.csproj" />
  </Folder>
  <Folder Name="/tests/">
    <Project Path="tests/Aprendizaje.Tests/Aprendizaje.Tests.csproj" />
  </Folder>
  <Folder Name="/tools/">
    <Project Path="tools/Aprendizaje.ImportadorRoadmap/Aprendizaje.ImportadorRoadmap.csproj" />
  </Folder>
</Solution>
